
Microsoft Visual Studio Solution File, Format Version 12.00
# Visual Studio 15
VisualStudioVersion = 15.0.27004.2002
MinimumVisualStudioVersion = 10.0.40219.1
Project("{FAE04EC0-301F-11D3-BF4B-00C04F79EFBC}") = "DroneLander.Android", "DroneLander\DroneLander.Android\DroneLander.Android.csproj", "{6F08AE25-1F51-4B26-A259-4F893188DD63}"
EndProject
Project("{FAE04EC0-301F-11D3-BF4B-00C04F79EFBC}") = "DroneLander", "DroneLander\DroneLander\DroneLander.csproj", "{CEF4597E-CF60-4E95-A0A5-5F7DF15B7D81}"
EndProject
Project("{FAE04EC0-301F-11D3-BF4B-00C04F79EFBC}") = "DroneLander.UWP", "DroneLander\DroneLander.UWP\DroneLander.UWP.csproj", "{56B01D58-18DA-44AF-A3BD-F8F9E84C3DBC}"
EndProject
Project("{FAE04EC0-301F-11D3-BF4B-00C04F79EFBC}") = "DroneLander.iOS", "DroneLander\DroneLander.iOS\DroneLander.iOS.csproj", "{A0F0FC99-DEC7-477D-A3C0-6D38456B5D4E}"
EndProject
Global
	GlobalSection(SolutionConfigurationPlatforms) = preSolution
		Ad-Hoc|Any CPU = Ad-Hoc|Any CPU
		Ad-Hoc|ARM = Ad-Hoc|ARM
		Ad-Hoc|iPhone = Ad-Hoc|iPhone
		Ad-Hoc|iPhoneSimulator = Ad-Hoc|iPhoneSimulator
		Ad-Hoc|x64 = Ad-Hoc|x64
		Ad-Hoc|x86 = Ad-Hoc|x86
		AppStore|Any CPU = AppStore|Any CPU
		AppStore|ARM = AppStore|ARM
		AppStore|iPhone = AppStore|iPhone
		AppStore|iPhoneSimulator = AppStore|iPhoneSimulator
		AppStore|x64 = AppStore|x64
		AppStore|x86 = AppStore|x86
		Debug|Any CPU = Debug|Any CPU
		Debug|ARM = Debug|ARM
		Debug|iPhone = Debug|iPhone
		Debug|iPhoneSimulator = Debug|iPhoneSimulator
		Debug|x64 = Debug|x64
		Debug|x86 = Debug|x86
		Release|Any CPU = Release|Any CPU
		Release|ARM = Release|ARM
		Release|iPhone = Release|iPhone
		Release|iPhoneSimulator = Release|iPhoneSimulator
		Release|x64 = Release|x64
		Release|x86 = Release|x86
	EndGlobalSection
	GlobalSection(ProjectConfigurationPlatforms) = postSolution
		{6F08AE25-1F51-4B26-A259-4F893188DD63}.Ad-Hoc|Any CPU.ActiveCfg = Release|Any CPU
		{6F08AE25-1F51-4B26-A259-4F893188DD63}.Ad-Hoc|Any CPU.Build.0 = Release|Any CPU
		{6F08AE25-1F51-4B26-A259-4F893188DD63}.Ad-Hoc|Any CPU.Deploy.0 = Release|Any CPU
		{6F08AE25-1F51-4B26-A259-4F893188DD63}.Ad-Hoc|ARM.ActiveCfg = Release|Any CPU
		{6F08AE25-1F51-4B26-A259-4F893188DD63}.Ad-Hoc|ARM.Build.0 = Release|Any CPU
		{6F08AE25-1F51-4B26-A259-4F893188DD63}.Ad-Hoc|ARM.Deploy.0 = Release|Any CPU
		{6F08AE25-1F51-4B26-A259-4F893188DD63}.Ad-Hoc|iPhone.ActiveCfg = Release|Any CPU
		{6F08AE25-1F51-4B26-A259-4F893188DD63}.Ad-Hoc|iPhone.Build.0 = Release|Any CPU
		{6F08AE25-1F51-4B26-A259-4F893188DD63}.Ad-Hoc|iPhone.Deploy.0 = Release|Any CPU
		{6F08AE25-1F51-4B26-A259-4F893188DD63}.Ad-Hoc|iPhoneSimulator.ActiveCfg = Release|Any CPU
		{6F08AE25-1F51-4B26-A259-4F893188DD63}.Ad-Hoc|iPhoneSimulator.Build.0 = Release|Any CPU
		{6F08AE25-1F51-4B26-A259-4F893188DD63}.Ad-Hoc|iPhoneSimulator.Deploy.0 = Release|Any CPU
		{6F08AE25-1F51-4B26-A259-4F893188DD63}.Ad-Hoc|x64.ActiveCfg = Release|Any CPU
		{6F08AE25-1F51-4B26-A259-4F893188DD63}.Ad-Hoc|x64.Build.0 = Release|Any CPU
		{6F08AE25-1F51-4B26-A259-4F893188DD63}.Ad-Hoc|x64.Deploy.0 = Release|Any CPU
		{6F08AE25-1F51-4B26-A259-4F893188DD63}.Ad-Hoc|x86.ActiveCfg = Release|Any CPU
		{6F08AE25-1F51-4B26-A259-4F893188DD63}.Ad-Hoc|x86.Build.0 = Release|Any CPU
		{6F08AE25-1F51-4B26-A259-4F893188DD63}.Ad-Hoc|x86.Deploy.0 = Release|Any CPU
		{6F08AE25-1F51-4B26-A259-4F893188DD63}.AppStore|Any CPU.ActiveCfg = Release|Any CPU
		{6F08AE25-1F51-4B26-A259-4F893188DD63}.AppStore|Any CPU.Build.0 = Release|Any CPU
		{6F08AE25-1F51-4B26-A259-4F893188DD63}.AppStore|Any CPU.Deploy.0 = Release|Any CPU
		{6F08AE25-1F51-4B26-A259-4F893188DD63}.AppStore|ARM.ActiveCfg = Release|Any CPU
		{6F08AE25-1F51-4B26-A259-4F893188DD63}.AppStore|ARM.Build.0 = Release|Any CPU
		{6F08AE25-1F51-4B26-A259-4F893188DD63}.AppStore|ARM.Deploy.0 = Release|Any CPU
		{6F08AE25-1F51-4B26-A259-4F893188DD63}.AppStore|iPhone.ActiveCfg = Release|Any CPU
		{6F08AE25-1F51-4B26-A259-4F893188DD63}.AppStore|iPhone.Build.0 = Release|Any CPU
		{6F08AE25-1F51-4B26-A259-4F893188DD63}.AppStore|iPhone.Deploy.0 = Release|Any CPU
		{6F08AE25-1F51-4B26-A259-4F893188DD63}.AppStore|iPhoneSimulator.ActiveCfg = Release|Any CPU
		{6F08AE25-1F51-4B26-A259-4F893188DD63}.AppStore|iPhoneSimulator.Build.0 = Release|Any CPU
		{6F08AE25-1F51-4B26-A259-4F893188DD63}.AppStore|iPhoneSimulator.Deploy.0 = Release|Any CPU
		{6F08AE25-1F51-4B26-A259-4F893188DD63}.AppStore|x64.ActiveCfg = Release|Any CPU
		{6F08AE25-1F51-4B26-A259-4F893188DD63}.AppStore|x64.Build.0 = Release|Any CPU
		{6F08AE25-1F51-4B26-A259-4F893188DD63}.AppStore|x64.Deploy.0 = Release|Any CPU
		{6F08AE25-1F51-4B26-A259-4F893188DD63}.AppStore|x86.ActiveCfg = Release|Any CPU
		{6F08AE25-1F51-4B26-A259-4F893188DD63}.AppStore|x86.Build.0 = Release|Any CPU
		{6F08AE25-1F51-4B26-A259-4F893188DD63}.AppStore|x86.Deploy.0 = Release|Any CPU
		{6F08AE25-1F51-4B26-A259-4F893188DD63}.Debug|Any CPU.ActiveCfg = Debug|Any CPU
		{6F08AE25-1F51-4B26-A259-4F893188DD63}.Debug|Any CPU.Build.0 = Debug|Any CPU
		{6F08AE25-1F51-4B26-A259-4F893188DD63}.Debug|Any CPU.Deploy.0 = Debug|Any CPU
		{6F08AE25-1F51-4B26-A259-4F893188DD63}.Debug|ARM.ActiveCfg = Debug|Any CPU
		{6F08AE25-1F51-4B26-A259-4F893188DD63}.Debug|ARM.Build.0 = Debug|Any CPU
		{6F08AE25-1F51-4B26-A259-4F893188DD63}.Debug|ARM.Deploy.0 = Debug|Any CPU
		{6F08AE25-1F51-4B26-A259-4F893188DD63}.Debug|iPhone.ActiveCfg = Debug|Any CPU
		{6F08AE25-1F51-4B26-A259-4F893188DD63}.Debug|iPhone.Build.0 = Debug|Any CPU
		{6F08AE25-1F51-4B26-A259-4F893188DD63}.Debug|iPhone.Deploy.0 = Debug|Any CPU
		{6F08AE25-1F51-4B26-A259-4F893188DD63}.Debug|iPhoneSimulator.ActiveCfg = Debug|Any CPU
		{6F08AE25-1F51-4B26-A259-4F893188DD63}.Debug|iPhoneSimulator.Build.0 = Debug|Any CPU
		{6F08AE25-1F51-4B26-A259-4F893188DD63}.Debug|iPhoneSimulator.Deploy.0 = Debug|Any CPU
		{6F08AE25-1F51-4B26-A259-4F893188DD63}.Debug|x64.ActiveCfg = Debug|Any CPU
		{6F08AE25-1F51-4B26-A259-4F893188DD63}.Debug|x64.Build.0 = Debug|Any CPU
		{6F08AE25-1F51-4B26-A259-4F893188DD63}.Debug|x64.Deploy.0 = Debug|Any CPU
		{6F08AE25-1F51-4B26-A259-4F893188DD63}.Debug|x86.ActiveCfg = Debug|Any CPU
		{6F08AE25-1F51-4B26-A259-4F893188DD63}.Debug|x86.Build.0 = Debug|Any CPU
		{6F08AE25-1F51-4B26-A259-4F893188DD63}.Debug|x86.Deploy.0 = Debug|Any CPU
		{6F08AE25-1F51-4B26-A259-4F893188DD63}.Release|Any CPU.ActiveCfg = Release|Any CPU
		{6F08AE25-1F51-4B26-A259-4F893188DD63}.Release|Any CPU.Build.0 = Release|Any CPU
		{6F08AE25-1F51-4B26-A259-4F893188DD63}.Release|Any CPU.Deploy.0 = Release|Any CPU
		{6F08AE25-1F51-4B26-A259-4F893188DD63}.Release|ARM.ActiveCfg = Release|Any CPU
		{6F08AE25-1F51-4B26-A259-4F893188DD63}.Release|ARM.Build.0 = Release|Any CPU
		{6F08AE25-1F51-4B26-A259-4F893188DD63}.Release|ARM.Deploy.0 = Release|Any CPU
		{6F08AE25-1F51-4B26-A259-4F893188DD63}.Release|iPhone.ActiveCfg = Release|Any CPU
		{6F08AE25-1F51-4B26-A259-4F893188DD63}.Release|iPhone.Build.0 = Release|Any CPU
		{6F08AE25-1F51-4B26-A259-4F893188DD63}.Release|iPhone.Deploy.0 = Release|Any CPU
		{6F08AE25-1F51-4B26-A259-4F893188DD63}.Release|iPhoneSimulator.ActiveCfg = Release|Any CPU
		{6F08AE25-1F51-4B26-A259-4F893188DD63}.Release|iPhoneSimulator.Build.0 = Release|Any CPU
		{6F08AE25-1F51-4B26-A259-4F893188DD63}.Release|iPhoneSimulator.Deploy.0 = Release|Any CPU
		{6F08AE25-1F51-4B26-A259-4F893188DD63}.Release|x64.ActiveCfg = Release|Any CPU
		{6F08AE25-1F51-4B26-A259-4F893188DD63}.Release|x64.Build.0 = Release|Any CPU
		{6F08AE25-1F51-4B26-A259-4F893188DD63}.Release|x64.Deploy.0 = Release|Any CPU
		{6F08AE25-1F51-4B26-A259-4F893188DD63}.Release|x86.ActiveCfg = Release|Any CPU
		{6F08AE25-1F51-4B26-A259-4F893188DD63}.Release|x86.Build.0 = Release|Any CPU
		{6F08AE25-1F51-4B26-A259-4F893188DD63}.Release|x86.Deploy.0 = Release|Any CPU
		{CEF4597E-CF60-4E95-A0A5-5F7DF15B7D81}.Ad-Hoc|Any CPU.ActiveCfg = Release|Any CPU
		{CEF4597E-CF60-4E95-A0A5-5F7DF15B7D81}.Ad-Hoc|Any CPU.Build.0 = Release|Any CPU
		{CEF4597E-CF60-4E95-A0A5-5F7DF15B7D81}.Ad-Hoc|ARM.ActiveCfg = Release|Any CPU
		{CEF4597E-CF60-4E95-A0A5-5F7DF15B7D81}.Ad-Hoc|ARM.Build.0 = Release|Any CPU
		{CEF4597E-CF60-4E95-A0A5-5F7DF15B7D81}.Ad-Hoc|iPhone.ActiveCfg = Release|Any CPU
		{CEF4597E-CF60-4E95-A0A5-5F7DF15B7D81}.Ad-Hoc|iPhone.Build.0 = Release|Any CPU
		{CEF4597E-CF60-4E95-A0A5-5F7DF15B7D81}.Ad-Hoc|iPhoneSimulator.ActiveCfg = Release|Any CPU
		{CEF4597E-CF60-4E95-A0A5-5F7DF15B7D81}.Ad-Hoc|iPhoneSimulator.Build.0 = Release|Any CPU
		{CEF4597E-CF60-4E95-A0A5-5F7DF15B7D81}.Ad-Hoc|x64.ActiveCfg = Release|Any CPU
		{CEF4597E-CF60-4E95-A0A5-5F7DF15B7D81}.Ad-Hoc|x64.Build.0 = Release|Any CPU
		{CEF4597E-CF60-4E95-A0A5-5F7DF15B7D81}.Ad-Hoc|x86.ActiveCfg = Release|Any CPU
		{CEF4597E-CF60-4E95-A0A5-5F7DF15B7D81}.Ad-Hoc|x86.Build.0 = Release|Any CPU
		{CEF4597E-CF60-4E95-A0A5-5F7DF15B7D81}.AppStore|Any CPU.ActiveCfg = Release|Any CPU
		{CEF4597E-CF60-4E95-A0A5-5F7DF15B7D81}.AppStore|Any CPU.Build.0 = Release|Any CPU
		{CEF4597E-CF60-4E95-A0A5-5F7DF15B7D81}.AppStore|ARM.ActiveCfg = Release|Any CPU
		{CEF4597E-CF60-4E95-A0A5-5F7DF15B7D81}.AppStore|ARM.Build.0 = Release|Any CPU
		{CEF4597E-CF60-4E95-A0A5-5F7DF15B7D81}.AppStore|iPhone.ActiveCfg = Release|Any CPU
		{CEF4597E-CF60-4E95-A0A5-5F7DF15B7D81}.AppStore|iPhone.Build.0 = Release|Any CPU
		{CEF4597E-CF60-4E95-A0A5-5F7DF15B7D81}.AppStore|iPhoneSimulator.ActiveCfg = Release|Any CPU
		{CEF4597E-CF60-4E95-A0A5-5F7DF15B7D81}.AppStore|iPhoneSimulator.Build.0 = Release|Any CPU
		{CEF4597E-CF60-4E95-A0A5-5F7DF15B7D81}.AppStore|x64.ActiveCfg = Release|Any CPU
		{CEF4597E-CF60-4E95-A0A5-5F7DF15B7D81}.AppStore|x64.Build.0 = Release|Any CPU
		{CEF4597E-CF60-4E95-A0A5-5F7DF15B7D81}.AppStore|x86.ActiveCfg = Release|Any CPU
		{CEF4597E-CF60-4E95-A0A5-5F7DF15B7D81}.AppStore|x86.Build.0 = Release|Any CPU
		{CEF4597E-CF60-4E95-A0A5-5F7DF15B7D81}.Debug|Any CPU.ActiveCfg = Debug|Any CPU
		{CEF4597E-CF60-4E95-A0A5-5F7DF15B7D81}.Debug|Any CPU.Build.0 = Debug|Any CPU
		{CEF4597E-CF60-4E95-A0A5-5F7DF15B7D81}.Debug|ARM.ActiveCfg = Debug|Any CPU
		{CEF4597E-CF60-4E95-A0A5-5F7DF15B7D81}.Debug|ARM.Build.0 = Debug|Any CPU
		{CEF4597E-CF60-4E95-A0A5-5F7DF15B7D81}.Debug|iPhone.ActiveCfg = Debug|Any CPU
		{CEF4597E-CF60-4E95-A0A5-5F7DF15B7D81}.Debug|iPhone.Build.0 = Debug|Any CPU
		{CEF4597E-CF60-4E95-A0A5-5F7DF15B7D81}.Debug|iPhoneSimulator.ActiveCfg = Debug|Any CPU
		{CEF4597E-CF60-4E95-A0A5-5F7DF15B7D81}.Debug|iPhoneSimulator.Build.0 = Debug|Any CPU
		{CEF4597E-CF60-4E95-A0A5-5F7DF15B7D81}.Debug|x64.ActiveCfg = Debug|Any CPU
		{CEF4597E-CF60-4E95-A0A5-5F7DF15B7D81}.Debug|x64.Build.0 = Debug|Any CPU
		{CEF4597E-CF60-4E95-A0A5-5F7DF15B7D81}.Debug|x86.ActiveCfg = Debug|Any CPU
		{CEF4597E-CF60-4E95-A0A5-5F7DF15B7D81}.Debug|x86.Build.0 = Debug|Any CPU
		{CEF4597E-CF60-4E95-A0A5-5F7DF15B7D81}.Release|Any CPU.ActiveCfg = Release|Any CPU
		{CEF4597E-CF60-4E95-A0A5-5F7DF15B7D81}.Release|Any CPU.Build.0 = Release|Any CPU
		{CEF4597E-CF60-4E95-A0A5-5F7DF15B7D81}.Release|ARM.ActiveCfg = Release|Any CPU
		{CEF4597E-CF60-4E95-A0A5-5F7DF15B7D81}.Release|ARM.Build.0 = Release|Any CPU
		{CEF4597E-CF60-4E95-A0A5-5F7DF15B7D81}.Release|iPhone.ActiveCfg = Release|Any CPU
		{CEF4597E-CF60-4E95-A0A5-5F7DF15B7D81}.Release|iPhone.Build.0 = Release|Any CPU
		{CEF4597E-CF60-4E95-A0A5-5F7DF15B7D81}.Release|iPhoneSimulator.ActiveCfg = Release|Any CPU
		{CEF4597E-CF60-4E95-A0A5-5F7DF15B7D81}.Release|iPhoneSimulator.Build.0 = Release|Any CPU
		{CEF4597E-CF60-4E95-A0A5-5F7DF15B7D81}.Release|x64.ActiveCfg = Release|Any CPU
		{CEF4597E-CF60-4E95-A0A5-5F7DF15B7D81}.Release|x64.Build.0 = Release|Any CPU
		{CEF4597E-CF60-4E95-A0A5-5F7DF15B7D81}.Release|x86.ActiveCfg = Release|Any CPU
		{CEF4597E-CF60-4E95-A0A5-5F7DF15B7D81}.Release|x86.Build.0 = Release|Any CPU
		{56B01D58-18DA-44AF-A3BD-F8F9E84C3DBC}.Ad-Hoc|Any CPU.ActiveCfg = Release|x86
		{56B01D58-18DA-44AF-A3BD-F8F9E84C3DBC}.Ad-Hoc|Any CPU.Build.0 = Release|x86
		{56B01D58-18DA-44AF-A3BD-F8F9E84C3DBC}.Ad-Hoc|Any CPU.Deploy.0 = Release|x86
		{56B01D58-18DA-44AF-A3BD-F8F9E84C3DBC}.Ad-Hoc|ARM.ActiveCfg = Release|ARM
		{56B01D58-18DA-44AF-A3BD-F8F9E84C3DBC}.Ad-Hoc|ARM.Build.0 = Release|ARM
		{56B01D58-18DA-44AF-A3BD-F8F9E84C3DBC}.Ad-Hoc|ARM.Deploy.0 = Release|ARM
		{56B01D58-18DA-44AF-A3BD-F8F9E84C3DBC}.Ad-Hoc|iPhone.ActiveCfg = Release|x86
		{56B01D58-18DA-44AF-A3BD-F8F9E84C3DBC}.Ad-Hoc|iPhone.Build.0 = Release|x86
		{56B01D58-18DA-44AF-A3BD-F8F9E84C3DBC}.Ad-Hoc|iPhone.Deploy.0 = Release|x86
		{56B01D58-18DA-44AF-A3BD-F8F9E84C3DBC}.Ad-Hoc|iPhoneSimulator.ActiveCfg = Release|x86
		{56B01D58-18DA-44AF-A3BD-F8F9E84C3DBC}.Ad-Hoc|iPhoneSimulator.Build.0 = Release|x86
		{56B01D58-18DA-44AF-A3BD-F8F9E84C3DBC}.Ad-Hoc|iPhoneSimulator.Deploy.0 = Release|x86
		{56B01D58-18DA-44AF-A3BD-F8F9E84C3DBC}.Ad-Hoc|x64.ActiveCfg = Release|x64
		{56B01D58-18DA-44AF-A3BD-F8F9E84C3DBC}.Ad-Hoc|x64.Build.0 = Release|x64
		{56B01D58-18DA-44AF-A3BD-F8F9E84C3DBC}.Ad-Hoc|x64.Deploy.0 = Release|x64
		{56B01D58-18DA-44AF-A3BD-F8F9E84C3DBC}.Ad-Hoc|x86.ActiveCfg = Release|x86
		{56B01D58-18DA-44AF-A3BD-F8F9E84C3DBC}.Ad-Hoc|x86.Build.0 = Release|x86
		{56B01D58-18DA-44AF-A3BD-F8F9E84C3DBC}.Ad-Hoc|x86.Deploy.0 = Release|x86
		{56B01D58-18DA-44AF-A3BD-F8F9E84C3DBC}.AppStore|Any CPU.ActiveCfg = Release|x86
		{56B01D58-18DA-44AF-A3BD-F8F9E84C3DBC}.AppStore|Any CPU.Build.0 = Release|x86
		{56B01D58-18DA-44AF-A3BD-F8F9E84C3DBC}.AppStore|Any CPU.Deploy.0 = Release|x86
		{56B01D58-18DA-44AF-A3BD-F8F9E84C3DBC}.AppStore|ARM.ActiveCfg = Release|ARM
		{56B01D58-18DA-44AF-A3BD-F8F9E84C3DBC}.AppStore|ARM.Build.0 = Release|ARM
		{56B01D58-18DA-44AF-A3BD-F8F9E84C3DBC}.AppStore|ARM.Deploy.0 = Release|ARM
		{56B01D58-18DA-44AF-A3BD-F8F9E84C3DBC}.AppStore|iPhone.ActiveCfg = Release|x86
		{56B01D58-18DA-44AF-A3BD-F8F9E84C3DBC}.AppStore|iPhone.Build.0 = Release|x86
		{56B01D58-18DA-44AF-A3BD-F8F9E84C3DBC}.AppStore|iPhone.Deploy.0 = Release|x86
		{56B01D58-18DA-44AF-A3BD-F8F9E84C3DBC}.AppStore|iPhoneSimulator.ActiveCfg = Release|x86
		{56B01D58-18DA-44AF-A3BD-F8F9E84C3DBC}.AppStore|iPhoneSimulator.Build.0 = Release|x86
		{56B01D58-18DA-44AF-A3BD-F8F9E84C3DBC}.AppStore|iPhoneSimulator.Deploy.0 = Release|x86
		{56B01D58-18DA-44AF-A3BD-F8F9E84C3DBC}.AppStore|x64.ActiveCfg = Release|x64
		{56B01D58-18DA-44AF-A3BD-F8F9E84C3DBC}.AppStore|x64.Build.0 = Release|x64
		{56B01D58-18DA-44AF-A3BD-F8F9E84C3DBC}.AppStore|x64.Deploy.0 = Release|x64
		{56B01D58-18DA-44AF-A3BD-F8F9E84C3DBC}.AppStore|x86.ActiveCfg = Release|x86
		{56B01D58-18DA-44AF-A3BD-F8F9E84C3DBC}.AppStore|x86.Build.0 = Release|x86
		{56B01D58-18DA-44AF-A3BD-F8F9E84C3DBC}.AppStore|x86.Deploy.0 = Release|x86
		{56B01D58-18DA-44AF-A3BD-F8F9E84C3DBC}.Debug|Any CPU.ActiveCfg = Debug|x86
		{56B01D58-18DA-44AF-A3BD-F8F9E84C3DBC}.Debug|ARM.ActiveCfg = Debug|ARM
		{56B01D58-18DA-44AF-A3BD-F8F9E84C3DBC}.Debug|ARM.Build.0 = Debug|ARM
		{56B01D58-18DA-44AF-A3BD-F8F9E84C3DBC}.Debug|ARM.Deploy.0 = Debug|ARM
		{56B01D58-18DA-44AF-A3BD-F8F9E84C3DBC}.Debug|iPhone.ActiveCfg = Debug|x86
		{56B01D58-18DA-44AF-A3BD-F8F9E84C3DBC}.Debug|iPhoneSimulator.ActiveCfg = Debug|x86
		{56B01D58-18DA-44AF-A3BD-F8F9E84C3DBC}.Debug|x64.ActiveCfg = Debug|x64
		{56B01D58-18DA-44AF-A3BD-F8F9E84C3DBC}.Debug|x64.Build.0 = Debug|x64
		{56B01D58-18DA-44AF-A3BD-F8F9E84C3DBC}.Debug|x64.Deploy.0 = Debug|x64
		{56B01D58-18DA-44AF-A3BD-F8F9E84C3DBC}.Debug|x86.ActiveCfg = Debug|x86
		{56B01D58-18DA-44AF-A3BD-F8F9E84C3DBC}.Debug|x86.Build.0 = Debug|x86
		{56B01D58-18DA-44AF-A3BD-F8F9E84C3DBC}.Debug|x86.Deploy.0 = Debug|x86
		{56B01D58-18DA-44AF-A3BD-F8F9E84C3DBC}.Release|Any CPU.ActiveCfg = Release|x86
		{56B01D58-18DA-44AF-A3BD-F8F9E84C3DBC}.Release|ARM.ActiveCfg = Release|ARM
		{56B01D58-18DA-44AF-A3BD-F8F9E84C3DBC}.Release|ARM.Build.0 = Release|ARM
		{56B01D58-18DA-44AF-A3BD-F8F9E84C3DBC}.Release|ARM.Deploy.0 = Release|ARM
		{56B01D58-18DA-44AF-A3BD-F8F9E84C3DBC}.Release|iPhone.ActiveCfg = Release|x86
		{56B01D58-18DA-44AF-A3BD-F8F9E84C3DBC}.Release|iPhoneSimulator.ActiveCfg = Release|x86
		{56B01D58-18DA-44AF-A3BD-F8F9E84C3DBC}.Release|x64.ActiveCfg = Release|x64
		{56B01D58-18DA-44AF-A3BD-F8F9E84C3DBC}.Release|x64.Build.0 = Release|x64
		{56B01D58-18DA-44AF-A3BD-F8F9E84C3DBC}.Release|x64.Deploy.0 = Release|x64
		{56B01D58-18DA-44AF-A3BD-F8F9E84C3DBC}.Release|x86.ActiveCfg = Release|x86
		{56B01D58-18DA-44AF-A3BD-F8F9E84C3DBC}.Release|x86.Build.0 = Release|x86
		{56B01D58-18DA-44AF-A3BD-F8F9E84C3DBC}.Release|x86.Deploy.0 = Release|x86
		{A0F0FC99-DEC7-477D-A3C0-6D38456B5D4E}.Ad-Hoc|Any CPU.ActiveCfg = Ad-Hoc|iPhoneSimulator
		{A0F0FC99-DEC7-477D-A3C0-6D38456B5D4E}.Ad-Hoc|ARM.ActiveCfg = Ad-Hoc|iPhone
		{A0F0FC99-DEC7-477D-A3C0-6D38456B5D4E}.Ad-Hoc|iPhone.ActiveCfg = Ad-Hoc|iPhone
		{A0F0FC99-DEC7-477D-A3C0-6D38456B5D4E}.Ad-Hoc|iPhone.Build.0 = Ad-Hoc|iPhone
		{A0F0FC99-DEC7-477D-A3C0-6D38456B5D4E}.Ad-Hoc|iPhoneSimulator.ActiveCfg = Ad-Hoc|iPhoneSimulator
		{A0F0FC99-DEC7-477D-A3C0-6D38456B5D4E}.Ad-Hoc|iPhoneSimulator.Build.0 = Ad-Hoc|iPhoneSimulator
		{A0F0FC99-DEC7-477D-A3C0-6D38456B5D4E}.Ad-Hoc|x64.ActiveCfg = Ad-Hoc|iPhone
		{A0F0FC99-DEC7-477D-A3C0-6D38456B5D4E}.Ad-Hoc|x86.ActiveCfg = Ad-Hoc|iPhone
		{A0F0FC99-DEC7-477D-A3C0-6D38456B5D4E}.AppStore|Any CPU.ActiveCfg = AppStore|iPhoneSimulator
		{A0F0FC99-DEC7-477D-A3C0-6D38456B5D4E}.AppStore|ARM.ActiveCfg = AppStore|iPhone
		{A0F0FC99-DEC7-477D-A3C0-6D38456B5D4E}.AppStore|iPhone.ActiveCfg = AppStore|iPhone
		{A0F0FC99-DEC7-477D-A3C0-6D38456B5D4E}.AppStore|iPhone.Build.0 = AppStore|iPhone
		{A0F0FC99-DEC7-477D-A3C0-6D38456B5D4E}.AppStore|iPhoneSimulator.ActiveCfg = AppStore|iPhoneSimulator
		{A0F0FC99-DEC7-477D-A3C0-6D38456B5D4E}.AppStore|iPhoneSimulator.Build.0 = AppStore|iPhoneSimulator
		{A0F0FC99-DEC7-477D-A3C0-6D38456B5D4E}.AppStore|x64.ActiveCfg = AppStore|iPhone
		{A0F0FC99-DEC7-477D-A3C0-6D38456B5D4E}.AppStore|x86.ActiveCfg = AppStore|iPhone
		{A0F0FC99-DEC7-477D-A3C0-6D38456B5D4E}.Debug|Any CPU.ActiveCfg = Debug|iPhoneSimulator
		{A0F0FC99-DEC7-477D-A3C0-6D38456B5D4E}.Debug|ARM.ActiveCfg = Debug|iPhone
		{A0F0FC99-DEC7-477D-A3C0-6D38456B5D4E}.Debug|iPhone.ActiveCfg = Debug|iPhone
		{A0F0FC99-DEC7-477D-A3C0-6D38456B5D4E}.Debug|iPhone.Build.0 = Debug|iPhone
		{A0F0FC99-DEC7-477D-A3C0-6D38456B5D4E}.Debug|iPhoneSimulator.ActiveCfg = Debug|iPhoneSimulator
		{A0F0FC99-DEC7-477D-A3C0-6D38456B5D4E}.Debug|iPhoneSimulator.Build.0 = Debug|iPhoneSimulator
		{A0F0FC99-DEC7-477D-A3C0-6D38456B5D4E}.Debug|x64.ActiveCfg = Debug|iPhone
		{A0F0FC99-DEC7-477D-A3C0-6D38456B5D4E}.Debug|x86.ActiveCfg = Debug|iPhone
		{A0F0FC99-DEC7-477D-A3C0-6D38456B5D4E}.Release|Any CPU.ActiveCfg = Release|iPhoneSimulator
		{A0F0FC99-DEC7-477D-A3C0-6D38456B5D4E}.Release|ARM.ActiveCfg = Release|iPhone
		{A0F0FC99-DEC7-477D-A3C0-6D38456B5D4E}.Release|iPhone.ActiveCfg = Release|iPhone
		{A0F0FC99-DEC7-477D-A3C0-6D38456B5D4E}.Release|iPhone.Build.0 = Release|iPhone
		{A0F0FC99-DEC7-477D-A3C0-6D38456B5D4E}.Release|iPhoneSimulator.ActiveCfg = Release|iPhoneSimulator
		{A0F0FC99-DEC7-477D-A3C0-6D38456B5D4E}.Release|iPhoneSimulator.Build.0 = Release|iPhoneSimulator
		{A0F0FC99-DEC7-477D-A3C0-6D38456B5D4E}.Release|x64.ActiveCfg = Release|iPhone
		{A0F0FC99-DEC7-477D-A3C0-6D38456B5D4E}.Release|x86.ActiveCfg = Release|iPhone
	EndGlobalSection
	GlobalSection(SolutionProperties) = preSolution
		HideSolutionNode = FALSE
	EndGlobalSection
	GlobalSection(ExtensibilityGlobals) = postSolution
		SolutionGuid = {4F64A017-6B2D-43F5-A117-F30A770AFFC1}
	EndGlobalSection
EndGlobal
